github.com/go-rod/rod v0.92.0 h1:BjXGde8CiKK8ES+tPDrtk1Ygt146vq0dls73KkWyN8s=
github.com/go-rod/rod v0.92.0/go.mod h1:/W4lcZiCALPD603MnJGIvhtywP3R6yRB9EDfFfsHiiI=
github.com/google/go-cmp v0.5.4 h1:L8R9j+yAqZuZjsqh/z+F1NCffTKKLShY6zXTItVIZ8M=
github.com/google/go-cmp v0.5.4/go.mod h1:v8dTdLbMG2kIc/vJvl+f65V22dbkXbowE6jgT/gNBxE=
github.com/ysmood/goob v0.3.0 h1:XZ51cZJ4W3WCoCiUktixzMIQF86W7G5VFL4QQ/Q2uS0=
github.com/ysmood/goob v0.3.0/go.mod h1:S3lq113Y91y1UBf1wj1pFOxeahvfKkCk6mTWTWbDdWs=
github.com/ysmood/got v0.9.3 h1:qx51X49jL/WAiqZzPTkPZ0zp5pTmrWJa4zYFTYo0gHI=
github.com/ysmood/got v0.9.3/go.mod h1:pE1l4LOwOBhQg6A/8IAatkGp7uZjnalzrZolnlhhMgY=
github.com/ysmood/gotrace v0.2.0 h1:IkTC6rJREwXSaG8yWK+NFwIJGIsxA1DjC6/gxYyQttE=
github.com/ysmood/gotrace v0.2.0/go.mod h1:TzhIG7nHDry5//eYZDYcTzuJLYQIkykJzCRIo4/dzQM=
github.com/ysmood/gson v0.6.3 h1:4cU+5oOdsyundXHy00t99H0rLXLthuseD3x6W+xmCiU=
github.com/ysmood/gson v0.6.3/go.mod h1:3Kzs5zDl21g5F/BlLTNcuAGAYLKt2lV5G8D1zF3RNmg=
github.com/ysmood/leakless v0.6.12 h1:XxtRYl97bJklfv4BZVdyGnd/y42p6w8lu1hUzfCkT4M=
github.com/ysmood/leakless v0.6.12/go.mod h1:R8iAXPRaG97QJwqxs74RdwzcRHT1SWCGTNqY8q0JvMQ=
golang.org/x/xerrors v0.0.0-20191204190536-9bdfabe68543 h1:E7g+9GITq07hpfrRu66IVDexMakfv52eLZ2CXBWiKr4=
golang.org/x/xerrors v0.0.0-20191204190536-9bdfabe68543/go.mod h1:I/5z698sn9Ka8TeJc9MKroUUfqBBauWjQqLJ2OPfmY0=
